{
  "name": "Chess-Analysis",
  "lockfileVersion": 3,
  "requires": true,
  "packages": {
    "": {
      "dependencies": {
        "chess.js": "^1.0.0",
        "chessground": "^9.1.1",
        "stockfish.js": "^10.0.2"
      }
    },
    "node_modules/chess.js": {
      "version": "1.0.0",
      "resolved": "https://registry.npmjs.org/chess.js/-/chess.js-1.0.0.tgz",
      "integrity": "sha512-zHaSRub6xkUXxvX9lqgovwRiBvbOmVCTh47rZ0I/HVyCiNc0T5bVLwzshL5X6JtrP+rN/CTmIxdpFr943eP97Q=="
    },
    "node_modules/chessground": {
      "version": "9.1.1",
      "resolved": "https://registry.npmjs.org/chessground/-/chessground-9.1.1.tgz",
      "integrity": "sha512-X4xrBICrixaLATCn+jGEzk58UXcas+9QqJnwVq9nT7AaX2M1CJLMA0vC7noG0s6Tr2zoAHZ1FOviE5b05MgduQ==",
      "funding": {
        "url": "https://lichess.org/patron"
      }
    },
    "node_modules/stockfish.js": {
      "version": "10.0.2",
      "resolved": "https://registry.npmjs.org/stockfish.js/-/stockfish.js-10.0.2.tgz",
      "integrity": "sha512-treB3AYcdvRJ9SDPOyL0R2NcEAtQgG432nStfRzR4wzVELGQ6iVoeBHwvirHTfocNOTims7XNkK3SADaocsJmQ=="
    }
  }
}
